// !$*UTF8*$!
{
	archiveVersion = 1;
	classes = {
	};
	objectVersion = 46;
	objects = {

/* Begin PBXBuildFile section */
		2BBC8D05465F41E393E46EEB /* libPods-BaseProduct.a in Frameworks */ = {isa = PBXBuildFile; fileRef = AE23F72AF9321C9121695033 /* libPods-BaseProduct.a */; };
		3914CC251C4C92DF00CA4B4A /* main.m in Sources */ = {isa = PBXBuildFile; fileRef = 3914CC241C4C92DF00CA4B4A /* main.m */; };
		3914CC281C4C92DF00CA4B4A /* AppDelegate.m in Sources */ = {isa = PBXBuildFile; fileRef = 3914CC271C4C92DF00CA4B4A /* AppDelegate.m */; };
		3914CC2B1C4C92DF00CA4B4A /* ViewController.m in Sources */ = {isa = PBXBuildFile; fileRef = 3914CC2A1C4C92DF00CA4B4A /* ViewController.m */; };
		3914CC2E1C4C92DF00CA4B4A /* Main.storyboard in Resources */ = {isa = PBXBuildFile; fileRef = 3914CC2C1C4C92DF00CA4B4A /* Main.storyboard */; };
		3914CC301C4C92DF00CA4B4A /* Assets.xcassets in Resources */ = {isa = PBXBuildFile; fileRef = 3914CC2F1C4C92DF00CA4B4A /* Assets.xcassets */; };
		3914CC331C4C92DF00CA4B4A /* LaunchScreen.storyboard in Resources */ = {isa = PBXBuildFile; fileRef = 3914CC311C4C92DF00CA4B4A /* LaunchScreen.storyboard */; };
		3914CC3E1C4C92DF00CA4B4A /* BaseProductTests.m in Sources */ = {isa = PBXBuildFile; fileRef = 3914CC3D1C4C92DF00CA4B4A /* BaseProductTests.m */; };
		3914CC491C4C92DF00CA4B4A /* BaseProductUITests.m in Sources */ = {isa = PBXBuildFile; fileRef = 3914CC481C4C92DF00CA4B4A /* BaseProductUITests.m */; };
		3982F3431CB7A6190010D270 /* IPAddress.m in Sources */ = {isa = PBXBuildFile; fileRef = 3982F3411CB7A6190010D270 /* IPAddress.m */; };
		3982F35C1CB7AB370010D270 /* YJAlertView.m in Sources */ = {isa = PBXBuildFile; fileRef = 3982F3461CB7AB370010D270 /* YJAlertView.m */; };
		3982F35D1CB7AB370010D270 /* JXTAlertTools.m in Sources */ = {isa = PBXBuildFile; fileRef = 3982F3491CB7AB370010D270 /* JXTAlertTools.m */; };
		3982F35E1CB7AB370010D270 /* BBLaunchAdMonitor.m in Sources */ = {isa = PBXBuildFile; fileRef = 3982F34C1CB7AB370010D270 /* BBLaunchAdMonitor.m */; };
		3982F35F1CB7AB370010D270 /* YJLanuchAdMonitor.m in Sources */ = {isa = PBXBuildFile; fileRef = 3982F34E1CB7AB370010D270 /* YJLanuchAdMonitor.m */; };
		3982F3601CB7AB370010D270 /* NJKWebViewProgress.m in Sources */ = {isa = PBXBuildFile; fileRef = 3982F3521CB7AB370010D270 /* NJKWebViewProgress.m */; };
		3982F3611CB7AB370010D270 /* NJKWebViewProgressView.m in Sources */ = {isa = PBXBuildFile; fileRef = 3982F3541CB7AB370010D270 /* NJKWebViewProgressView.m */; };
		3982F3621CB7AB370010D270 /* RxWebViewController.m in Sources */ = {isa = PBXBuildFile; fileRef = 3982F3561CB7AB370010D270 /* RxWebViewController.m */; };
		3982F3641CB7AB370010D270 /* TimerHelper.m in Sources */ = {isa = PBXBuildFile; fileRef = 3982F35B1CB7AB370010D270 /* TimerHelper.m */; };
		399FD28B1C507E8B00E6A936 /* NSArray+SCAddition.m in Sources */ = {isa = PBXBuildFile; fileRef = 399FD2881C507E8B00E6A936 /* NSArray+SCAddition.m */; };
		399FD28C1C507E8B00E6A936 /* NSDictionary+SCAddition.m in Sources */ = {isa = PBXBuildFile; fileRef = 399FD28A1C507E8B00E6A936 /* NSDictionary+SCAddition.m */; };
		399FD28F1C50881A00E6A936 /* UIDevice+SCAddition.m in Sources */ = {isa = PBXBuildFile; fileRef = 399FD28E1C50881A00E6A936 /* UIDevice+SCAddition.m */; };
		399FD2921C50A74600E6A936 /* UIImage+SCAddition.m in Sources */ = {isa = PBXBuildFile; fileRef = 399FD2911C50A74600E6A936 /* UIImage+SCAddition.m */; };
		399FD2951C50B7AB00E6A936 /* SpecialFunctions.m in Sources */ = {isa = PBXBuildFile; fileRef = 399FD2941C50B7AB00E6A936 /* SpecialFunctions.m */; };
		399FD2981C50B97F00E6A936 /* UITextView+Placeholder.m in Sources */ = {isa = PBXBuildFile; fileRef = 399FD2971C50B97F00E6A936 /* UITextView+Placeholder.m */; };
		399FD29E1C50BA7800E6A936 /* error.png in Resources */ = {isa = PBXBuildFile; fileRef = 399FD29A1C50BA7800E6A936 /* error.png */; };
		399FD29F1C50BA7800E6A936 /* error@2x.png in Resources */ = {isa = PBXBuildFile; fileRef = 399FD29B1C50BA7800E6A936 /* error@2x.png */; };
		399FD2A01C50BA7800E6A936 /* TextFieldValidator.m in Sources */ = {isa = PBXBuildFile; fileRef = 399FD29D1C50BA7800E6A936 /* TextFieldValidator.m */; };
		399FD2A31C50C25100E6A936 /* libz.1.1.3.tbd in Frameworks */ = {isa = PBXBuildFile; fileRef = 399FD2A21C50C25100E6A936 /* libz.1.1.3.tbd */; };
		399FD2A91C50C5C200E6A936 /* UIButton+SCAddition.m in Sources */ = {isa = PBXBuildFile; fileRef = 399FD2A81C50C5C200E6A936 /* UIButton+SCAddition.m */; };
		39D591AC1C4E44310022D37A /* Foundation+Log.m in Sources */ = {isa = PBXBuildFile; fileRef = 39D591AB1C4E44300022D37A /* Foundation+Log.m */; };
		39D591AF1C4E45430022D37A /* BaseModel.m in Sources */ = {isa = PBXBuildFile; fileRef = 39D591AE1C4E45430022D37A /* BaseModel.m */; };
		39D591B31C4E46430022D37A /* BaseNavigationController.m in Sources */ = {isa = PBXBuildFile; fileRef = 39D591B21C4E46430022D37A /* BaseNavigationController.m */; };
		39D591B61C4E46BF0022D37A /* BaseViewController.m in Sources */ = {isa = PBXBuildFile; fileRef = 39D591B51C4E46BF0022D37A /* BaseViewController.m */; };
		39D591B91C4F1F110022D37A /* BaseTableViewController.m in Sources */ = {isa = PBXBuildFile; fileRef = 39D591B81C4F1F110022D37A /* BaseTableViewController.m */; };
		39DFBF071C605251000F2C88 /* AFNetWorkUtils.m in Sources */ = {isa = PBXBuildFile; fileRef = 39DFBF041C605251000F2C88 /* AFNetWorkUtils.m */; };
		39DFBF081C605251000F2C88 /* NSErrorHelper.m in Sources */ = {isa = PBXBuildFile; fileRef = 39DFBF061C605251000F2C88 /* NSErrorHelper.m */; };
		C6E0E5E11D336C8700F8CF09 /* TimerHelper in Resources */ = {isa = PBXBuildFile; fileRef = C6E0E5E01D336C8700F8CF09 /* TimerHelper */; };
		C6E0E6021D336EC200F8CF09 /* LocationManager.m in Sources */ = {isa = PBXBuildFile; fileRef = C6E0E5FB1D336EC200F8CF09 /* LocationManager.m */; };
		C6E0E6031D336EC200F8CF09 /* LoginManager.m in Sources */ = {isa = PBXBuildFile; fileRef = C6E0E5FD1D336EC200F8CF09 /* LoginManager.m */; };
		C6E0E6041D336EC200F8CF09 /* SQLManager.m in Sources */ = {isa = PBXBuildFile; fileRef = C6E0E5FF1D336EC200F8CF09 /* SQLManager.m */; };
		C6E0E6051D336EC200F8CF09 /* UpdateManager.m in Sources */ = {isa = PBXBuildFile; fileRef = C6E0E6011D336EC200F8CF09 /* UpdateManager.m */; };
		C6E0E6081D336ECA00F8CF09 /* UserInfo.m in Sources */ = {isa = PBXBuildFile; fileRef = C6E0E6071D336ECA00F8CF09 /* UserInfo.m */; };
		C6E0E60B1D336F6100F8CF09 /* AreaInfo.m in Sources */ = {isa = PBXBuildFile; fileRef = C6E0E60A1D336F6100F8CF09 /* AreaInfo.m */; };
		C6E0E60D1D336F7F00F8CF09 /* cityArea.db in Resources */ = {isa = PBXBuildFile; fileRef = C6E0E60C1D336F7F00F8CF09 /* cityArea.db */; };
		C6E0E6101D33905A00F8CF09 /* NetJson.m in Sources */ = {isa = PBXBuildFile; fileRef = C6E0E60F1D33905A00F8CF09 /* NetJson.m */; };
		C6F5D95E1C4FBEEA009240CE /* NSData+BeeExtension.m in Sources */ = {isa = PBXBuildFile; fileRef = C6F5D9471C4FBEEA009240CE /* NSData+BeeExtension.m */; };
		C6F5D95F1C4FBEEA009240CE /* NSDate+BeeExtension.m in Sources */ = {isa = PBXBuildFile; fileRef = C6F5D9491C4FBEEA009240CE /* NSDate+BeeExtension.m */; };
		C6F5D9601C4FBEEA009240CE /* NSNull+InternalNullExtention.m in Sources */ = {isa = PBXBuildFile; fileRef = C6F5D94B1C4FBEEA009240CE /* NSNull+InternalNullExtention.m */; };
		C6F5D9611C4FBEEA009240CE /* NSString+BeeExtension.m in Sources */ = {isa = PBXBuildFile; fileRef = C6F5D94D1C4FBEEA009240CE /* NSString+BeeExtension.m */; };
		C6F5D9631C4FBEEA009240CE /* UIButton+ExpandTouchBound.m in Sources */ = {isa = PBXBuildFile; fileRef = C6F5D9511C4FBEEA009240CE /* UIButton+ExpandTouchBound.m */; };
		C6F5D9641C4FBEEA009240CE /* UIColor+Theme.m in Sources */ = {isa = PBXBuildFile; fileRef = C6F5D9531C4FBEEA009240CE /* UIColor+Theme.m */; };
		C6F5D9671C4FBEEA009240CE /* UITabBarController+HideTabBar.m in Sources */ = {isa = PBXBuildFile; fileRef = C6F5D9591C4FBEEA009240CE /* UITabBarController+HideTabBar.m */; };
		C6F5D9681C4FBEEA009240CE /* UITextField+PlaceHolder.m in Sources */ = {isa = PBXBuildFile; fileRef = C6F5D95B1C4FBEEA009240CE /* UITextField+PlaceHolder.m */; };
		C6F5D9691C4FBEEA009240CE /* UIView+Utils.m in Sources */ = {isa = PBXBuildFile; fileRef = C6F5D95D1C4FBEEA009240CE /* UIView+Utils.m */; };
		C6F5D97B1C4FBFCA009240CE /* AutoSlideScrollView.m in Sources */ = {isa = PBXBuildFile; fileRef = C6F5D96D1C4FBFCA009240CE /* AutoSlideScrollView.m */; };
		C6F5D97C1C4FBFCA009240CE /* ChineseString.m in Sources */ = {isa = PBXBuildFile; fileRef = C6F5D9701C4FBFCA009240CE /* ChineseString.m */; };
		C6F5D97D1C4FBFCA009240CE /* pinyin.c in Sources */ = {isa = PBXBuildFile; fileRef = C6F5D9711C4FBFCA009240CE /* pinyin.c */; };
		C6F5D97E1C4FBFCA009240CE /* QRCodeGenerator.m in Sources */ = {isa = PBXBuildFile; fileRef = C6F5D9751C4FBFCA009240CE /* QRCodeGenerator.m */; };
		C6F5D97F1C4FBFCA009240CE /* QRCodeViewController.m in Sources */ = {isa = PBXBuildFile; fileRef = C6F5D9771C4FBFCA009240CE /* QRCodeViewController.m */; };
		C6F5D9801C4FBFCA009240CE /* TQStarRatingView.m in Sources */ = {isa = PBXBuildFile; fileRef = C6F5D97A1C4FBFCA009240CE /* TQStarRatingView.m */; };
/* End PBXBuildFile section */

/* Begin PBXContainerItemProxy section */
		3914CC3A1C4C92DF00CA4B4A /* PBXContainerItemProxy */ = {
			isa = PBXContainerItemProxy;
			containerPortal = 3914CC181C4C92DF00CA4B4A /* Project object */;
			proxyType = 1;
			remoteGlobalIDString = 3914CC1F1C4C92DF00CA4B4A;
			remoteInfo = BaseProduct;
		};
		3914CC451C4C92DF00CA4B4A /* PBXContainerItemProxy */ = {
			isa = PBXContainerItemProxy;
			containerPortal = 3914CC181C4C92DF00CA4B4A /* Project object */;
			proxyType = 1;
			remoteGlobalIDString = 3914CC1F1C4C92DF00CA4B4A;
			remoteInfo = BaseProduct;
		};
/* End PBXContainerItemProxy section */

/* Begin PBXFileReference section */
		3914CC201C4C92DF00CA4B4A /* BaseProduct.app */ = {isa = PBXFileReference; explicitFileType = wrapper.application; includeInIndex = 0; path = BaseProduct.app; sourceTree = BUILT_PRODUCTS_DIR; };
		3914CC241C4C92DF00CA4B4A /* main.m */ = {isa = PBXFileReference; lastKnownFileType = sourcecode.c.objc; path = main.m; sourceTree = "<group>"; };
		3914CC261C4C92DF00CA4B4A /* AppDelegate.h */ = {isa = PBXFileReference; lastKnownFileType = sourcecode.c.h; path = AppDelegate.h; sourceTree = "<group>"; };
		3914CC271C4C92DF00CA4B4A /* AppDelegate.m */ = {isa = PBXFileReference; lastKnownFileType = sourcecode.c.objc; path = AppDelegate.m; sourceTree = "<group>"; };
		3914CC291C4C92DF00CA4B4A /* ViewController.h */ = {isa = PBXFileReference; lastKnownFileType = sourcecode.c.h; path = ViewController.h; sourceTree = "<group>"; };
		3914CC2A1C4C92DF00CA4B4A /* ViewController.m */ = {isa = PBXFileReference; lastKnownFileType = sourcecode.c.objc; path = ViewController.m; sourceTree = "<group>"; };
		3914CC2D1C4C92DF00CA4B4A /* Base */ = {isa = PBXFileReference; lastKnownFileType = file.storyboard; name = Base; path = Base.lproj/Main.storyboard; sourceTree = "<group>"; };
		3914CC2F1C4C92DF00CA4B4A /* Assets.xcassets */ = {isa = PBXFileReference; lastKnownFileType = folder.assetcatalog; path = Assets.xcassets; sourceTree = "<group>"; };
		3914CC321C4C92DF00CA4B4A /* Base */ = {isa = PBXFileReference; lastKnownFileType = file.storyboard; name = Base; path = Base.lproj/LaunchScreen.storyboard; sourceTree = "<group>"; };
		3914CC341C4C92DF00CA4B4A /* Info.plist */ = {isa = PBXFileReference; lastKnownFileType = text.plist.xml; path = Info.plist; sourceTree = "<group>"; };
		3914CC391C4C92DF00CA4B4A /* BaseProductTests.xctest */ = {isa = PBXFileReference; explicitFileType = wrapper.cfbundle; includeInIndex = 0; path = BaseProductTests.xctest; sourceTree = BUILT_PRODUCTS_DIR; };
		3914CC3D1C4C92DF00CA4B4A /* BaseProductTests.m */ = {isa = PBXFileReference; lastKnownFileType = sourcecode.c.objc; path = BaseProductTests.m; sourceTree = "<group>"; };
		3914CC3F1C4C92DF00CA4B4A /* Info.plist */ = {isa = PBXFileReference; lastKnownFileType = text.plist.xml; path = Info.plist; sourceTree = "<group>"; };
		3914CC441C4C92DF00CA4B4A /* BaseProductUITests.xctest */ = {isa = PBXFileReference; explicitFileType = wrapper.cfbundle; includeInIndex = 0; path = BaseProductUITests.xctest; sourceTree = BUILT_PRODUCTS_DIR; };
		3914CC481C4C92DF00CA4B4A /* BaseProductUITests.m */ = {isa = PBXFileReference; lastKnownFileType = sourcecode.c.objc; path = BaseProductUITests.m; sourceTree = "<group>"; };
		3914CC4A1C4C92DF00CA4B4A /* Info.plist */ = {isa = PBXFileReference; lastKnownFileType = text.plist.xml; path = Info.plist; sourceTree = "<group>"; };
		3982F3401CB7A6190010D270 /* IPAddress.h */ = {isa = PBXFileReference; fileEncoding = 4; lastKnownFileType = sourcecode.c.h; path = IPAddress.h; sourceTree = "<group>"; };
		3982F3411CB7A6190010D270 /* IPAddress.m */ = {isa = PBXFileReference; fileEncoding = 4; lastKnownFileType = sourcecode.c.objc; path = IPAddress.m; sourceTree = "<group>"; };
		3982F3421CB7A6190010D270 /* Urls.h */ = {isa = PBXFileReference; fileEncoding = 4; lastKnownFileType = sourcecode.c.h; path = Urls.h; sourceTree = "<group>"; };
		3982F3451CB7AB370010D270 /* YJAlertView.h */ = {isa = PBXFileReference; fileEncoding = 4; lastKnownFileType = sourcecode.c.h; path = YJAlertView.h; sourceTree = "<group>"; };
		3982F3461CB7AB370010D270 /* YJAlertView.m */ = {isa = PBXFileReference; fileEncoding = 4; lastKnownFileType = sourcecode.c.objc; path = YJAlertView.m; sourceTree = "<group>"; };
		3982F3481CB7AB370010D270 /* JXTAlertTools.h */ = {isa = PBXFileReference; fileEncoding = 4; lastKnownFileType = sourcecode.c.h; path = JXTAlertTools.h; sourceTree = "<group>"; };
		3982F3491CB7AB370010D270 /* JXTAlertTools.m */ = {isa = PBXFileReference; fileEncoding = 4; lastKnownFileType = sourcecode.c.objc; path = JXTAlertTools.m; sourceTree = "<group>"; };
		3982F34B1CB7AB370010D270 /* BBLaunchAdMonitor.h */ = {isa = PBXFileReference; fileEncoding = 4; lastKnownFileType = sourcecode.c.h; path = BBLaunchAdMonitor.h; sourceTree = "<group>"; };
		3982F34C1CB7AB370010D270 /* BBLaunchAdMonitor.m */ = {isa = PBXFileReference; fileEncoding = 4; lastKnownFileType = sourcecode.c.objc; path = BBLaunchAdMonitor.m; sourceTree = "<group>"; };
		3982F34D1CB7AB370010D270 /* YJLanuchAdMonitor.h */ = {isa = PBXFileReference; fileEncoding = 4; lastKnownFileType = sourcecode.c.h; path = YJLanuchAdMonitor.h; sourceTree = "<group>"; };
		3982F34E1CB7AB370010D270 /* YJLanuchAdMonitor.m */ = {isa = PBXFileReference; fileEncoding = 4; lastKnownFileType = sourcecode.c.objc; path = YJLanuchAdMonitor.m; sourceTree = "<group>"; };
		3982F3511CB7AB370010D270 /* NJKWebViewProgress.h */ = {isa = PBXFileReference; fileEncoding = 4; lastKnownFileType = sourcecode.c.h; path = NJKWebViewProgress.h; sourceTree = "<group>"; };
		3982F3521CB7AB370010D270 /* NJKWebViewProgress.m */ = {isa = PBXFileReference; fileEncoding = 4; lastKnownFileType = sourcecode.c.objc; path = NJKWebViewProgress.m; sourceTree = "<group>"; };
		3982F3531CB7AB370010D270 /* NJKWebViewProgressView.h */ = {isa = PBXFileReference; fileEncoding = 4; lastKnownFileType = sourcecode.c.h; path = NJKWebViewProgressView.h; sourceTree = "<group>"; };
		3982F3541CB7AB370010D270 /* NJKWebViewProgressView.m */ = {isa = PBXFileReference; fileEncoding = 4; lastKnownFileType = sourcecode.c.objc; path = NJKWebViewProgressView.m; sourceTree = "<group>"; };
		3982F3551CB7AB370010D270 /* RxWebViewController.h */ = {isa = PBXFileReference; fileEncoding = 4; lastKnownFileType = sourcecode.c.h; path = RxWebViewController.h; sourceTree = "<group>"; };
		3982F3561CB7AB370010D270 /* RxWebViewController.m */ = {isa = PBXFileReference; fileEncoding = 4; lastKnownFileType = sourcecode.c.objc; path = RxWebViewController.m; sourceTree = "<group>"; };
		3982F35A1CB7AB370010D270 /* TimerHelper.h */ = {isa = PBXFileReference; fileEncoding = 4; lastKnownFileType = sourcecode.c.h; path = TimerHelper.h; sourceTree = "<group>"; };
		3982F35B1CB7AB370010D270 /* TimerHelper.m */ = {isa = PBXFileReference; fileEncoding = 4; lastKnownFileType = sourcecode.c.objc; path = TimerHelper.m; sourceTree = "<group>"; };
		399FD2871C507E8B00E6A936 /* NSArray+SCAddition.h */ = {isa = PBXFileReference; fileEncoding = 4; lastKnownFileType = sourcecode.c.h; path = "NSArray+SCAddition.h"; sourceTree = "<group>"; };
		399FD2881C507E8B00E6A936 /* NSArray+SCAddition.m */ = {isa = PBXFileReference; fileEncoding = 4; lastKnownFileType = sourcecode.c.objc; path = "NSArray+SCAddition.m"; sourceTree = "<group>"; };
		399FD2891C507E8B00E6A936 /* NSDictionary+SCAddition.h */ = {isa = PBXFileReference; fileEncoding = 4; lastKnownFileType = sourcecode.c.h; path = "NSDictionary+SCAddition.h"; sourceTree = "<group>"; };
		399FD28A1C507E8B00E6A936 /* NSDictionary+SCAddition.m */ = {isa = PBXFileReference; fileEncoding = 4; lastKnownFileType = sourcecode.c.objc; path = "NSDictionary+SCAddition.m"; sourceTree = "<group>"; };
		399FD28D1C50881A00E6A936 /* UIDevice+SCAddition.h */ = {isa = PBXFileReference; fileEncoding = 4; lastKnownFileType = sourcecode.c.h; path = "UIDevice+SCAddition.h"; sourceTree = "<group>"; };
		399FD28E1C50881A00E6A936 /* UIDevice+SCAddition.m */ = {isa = PBXFileReference; fileEncoding = 4; lastKnownFileType = sourcecode.c.objc; path = "UIDevice+SCAddition.m"; sourceTree = "<group>"; };
		399FD2901C50A74600E6A936 /* UIImage+SCAddition.h */ = {isa = PBXFileReference; fileEncoding = 4; lastKnownFileType = sourcecode.c.h; path = "UIImage+SCAddition.h"; sourceTree = "<group>"; };
		399FD2911C50A74600E6A936 /* UIImage+SCAddition.m */ = {isa = PBXFileReference; fileEncoding = 4; lastKnownFileType = sourcecode.c.objc; path = "UIImage+SCAddition.m"; sourceTree = "<group>"; };
		399FD2931C50B7AB00E6A936 /* SpecialFunctions.h */ = {isa = PBXFileReference; fileEncoding = 4; lastKnownFileType = sourcecode.c.h; path = SpecialFunctions.h; sourceTree = "<group>"; };
		399FD2941C50B7AB00E6A936 /* SpecialFunctions.m */ = {isa = PBXFileReference; fileEncoding = 4; lastKnownFileType = sourcecode.c.objc; path = SpecialFunctions.m; sourceTree = "<group>"; };
		399FD2961C50B97F00E6A936 /* UITextView+Placeholder.h */ = {isa = PBXFileReference; fileEncoding = 4; lastKnownFileType = sourcecode.c.h; path = "UITextView+Placeholder.h"; sourceTree = "<group>"; };
		399FD2971C50B97F00E6A936 /* UITextView+Placeholder.m */ = {isa = PBXFileReference; fileEncoding = 4; lastKnownFileType = sourcecode.c.objc; path = "UITextView+Placeholder.m"; sourceTree = "<group>"; };
		399FD29A1C50BA7800E6A936 /* error.png */ = {isa = PBXFileReference; lastKnownFileType = image.png; path = error.png; sourceTree = "<group>"; };
		399FD29B1C50BA7800E6A936 /* error@2x.png */ = {isa = PBXFileReference; lastKnownFileType = image.png; path = "error@2x.png"; sourceTree = "<group>"; };
		399FD29C1C50BA7800E6A936 /* TextFieldValidator.h */ = {isa = PBXFileReference; fileEncoding = 4; lastKnownFileType = sourcecode.c.h; path = TextFieldValidator.h; sourceTree = "<group>"; };
		399FD29D1C50BA7800E6A936 /* TextFieldValidator.m */ = {isa = PBXFileReference; fileEncoding = 4; lastKnownFileType = sourcecode.c.objc; path = TextFieldValidator.m; sourceTree = "<group>"; };
		399FD2A21C50C25100E6A936 /* libz.1.1.3.tbd */ = {isa = PBXFileReference; lastKnownFileType = "sourcecode.text-based-dylib-definition"; name = libz.1.1.3.tbd; path = usr/lib/libz.1.1.3.tbd; sourceTree = SDKROOT; };
		399FD2A71C50C5C200E6A936 /* UIButton+SCAddition.h */ = {isa = PBXFileReference; fileEncoding = 4; lastKnownFileType = sourcecode.c.h; path = "UIButton+SCAddition.h"; sourceTree = "<group>"; };
		399FD2A81C50C5C200E6A936 /* UIButton+SCAddition.m */ = {isa = PBXFileReference; fileEncoding = 4; lastKnownFileType = sourcecode.c.objc; path = "UIButton+SCAddition.m"; sourceTree = "<group>"; };
		39D591AA1C4E43E40022D37A /* PrefixHeader.pch */ = {isa = PBXFileReference; fileEncoding = 4; lastKnownFileType = sourcecode.c.h; path = PrefixHeader.pch; sourceTree = "<group>"; };
		39D591AB1C4E44300022D37A /* Foundation+Log.m */ = {isa = PBXFileReference; fileEncoding = 4; lastKnownFileType = sourcecode.c.objc; path = "Foundation+Log.m"; sourceTree = "<group>"; };
		39D591AD1C4E45430022D37A /* BaseModel.h */ = {isa = PBXFileReference; fileEncoding = 4; lastKnownFileType = sourcecode.c.h; path = BaseModel.h; sourceTree = "<group>"; };
		39D591AE1C4E45430022D37A /* BaseModel.m */ = {isa = PBXFileReference; fileEncoding = 4; lastKnownFileType = sourcecode.c.objc; path = BaseModel.m; sourceTree = "<group>"; };
		39D591B11C4E46430022D37A /* BaseNavigationController.h */ = {isa = PBXFileReference; fileEncoding = 4; lastKnownFileType = sourcecode.c.h; path = BaseNavigationController.h; sourceTree = "<group>"; };
		39D591B21C4E46430022D37A /* BaseNavigationController.m */ = {isa = PBXFileReference; fileEncoding = 4; lastKnownFileType = sourcecode.c.objc; path = BaseNavigationController.m; sourceTree = "<group>"; };
		39D591B41C4E46BF0022D37A /* BaseViewController.h */ = {isa = PBXFileReference; fileEncoding = 4; lastKnownFileType = sourcecode.c.h; path = BaseViewController.h; sourceTree = "<group>"; };
		39D591B51C4E46BF0022D37A /* BaseViewController.m */ = {isa = PBXFileReference; fileEncoding = 4; lastKnownFileType = sourcecode.c.objc; path = BaseViewController.m; sourceTree = "<group>"; };
		39D591B71C4F1F110022D37A /* BaseTableViewController.h */ = {isa = PBXFileReference; fileEncoding = 4; lastKnownFileType = sourcecode.c.h; path = BaseTableViewController.h; sourceTree = "<group>"; };
		39D591B81C4F1F110022D37A /* BaseTableViewController.m */ = {isa = PBXFileReference; fileEncoding = 4; lastKnownFileType = sourcecode.c.objc; path = BaseTableViewController.m; sourceTree = "<group>"; };
		39D591BB1C4F59B10022D37A /* NotificationMacros.h */ = {isa = PBXFileReference; fileEncoding = 4; lastKnownFileType = sourcecode.c.h; path = NotificationMacros.h; sourceTree = "<group>"; };
		39D591BC1C4F5BDF0022D37A /* AppMacros.h */ = {isa = PBXFileReference; fileEncoding = 4; lastKnownFileType = sourcecode.c.h; path = AppMacros.h; sourceTree = "<group>"; };
		39D591BD1C4F5EA70022D37A /* UtilsMacro.h */ = {isa = PBXFileReference; fileEncoding = 4; lastKnownFileType = sourcecode.c.h; path = UtilsMacro.h; sourceTree = "<group>"; };
		39D591BE1C4F60C70022D37A /* ColorMacro.h */ = {isa = PBXFileReference; fileEncoding = 4; lastKnownFileType = sourcecode.c.h; path = ColorMacro.h; sourceTree = "<group>"; };
		39D591BF1C4F7C270022D37A /* CustomENUM.h */ = {isa = PBXFileReference; fileEncoding = 4; lastKnownFileType = sourcecode.c.h; path = CustomENUM.h; sourceTree = "<group>"; };
		39DFBF031C605251000F2C88 /* AFNetWorkUtils.h */ = {isa = PBXFileReference; fileEncoding = 4; lastKnownFileType = sourcecode.c.h; path = AFNetWorkUtils.h; sourceTree = "<group>"; };
		39DFBF041C605251000F2C88 /* AFNetWorkUtils.m */ = {isa = PBXFileReference; fileEncoding = 4; lastKnownFileType = sourcecode.c.objc; path = AFNetWorkUtils.m; sourceTree = "<group>"; };
		39DFBF051C605251000F2C88 /* NSErrorHelper.h */ = {isa = PBXFileReference; fileEncoding = 4; lastKnownFileType = sourcecode.c.h; path = NSErrorHelper.h; sourceTree = "<group>"; };
		39DFBF061C605251000F2C88 /* NSErrorHelper.m */ = {isa = PBXFileReference; fileEncoding = 4; lastKnownFileType = sourcecode.c.objc; path = NSErrorHelper.m; sourceTree = "<group>"; };
		522F8679C430AA7CB04456DC /* Pods-BaseProduct.debug.xcconfig */ = {isa = PBXFileReference; includeInIndex = 1; lastKnownFileType = text.xcconfig; name = "Pods-BaseProduct.debug.xcconfig"; path = "Pods/Target Support Files/Pods-BaseProduct/Pods-BaseProduct.debug.xcconfig"; sourceTree = "<group>"; };
		5ABD3A01D9B20A4282995257 /* Pods-BaseProduct.release.xcconfig */ = {isa = PBXFileReference; includeInIndex = 1; lastKnownFileType = text.xcconfig; name = "Pods-BaseProduct.release.xcconfig"; path = "Pods/Target Support Files/Pods-BaseProduct/Pods-BaseProduct.release.xcconfig"; sourceTree = "<group>"; };
		6F5384714F3C2B767443CD32 /* Pods.framework */ = {isa = PBXFileReference; explicitFileType = wrapper.framework; includeInIndex = 0; path = Pods.framework; sourceTree = BUILT_PRODUCTS_DIR; };
		AE23F72AF9321C9121695033 /* libPods-BaseProduct.a */ = {isa = PBXFileReference; explicitFileType = archive.ar; includeInIndex = 0; path = "libPods-BaseProduct.a"; sourceTree = BUILT_PRODUCTS_DIR; };
		C6E0E5E01D336C8700F8CF09 /* TimerHelper */ = {isa = PBXFileReference; lastKnownFileType = folder; path = TimerHelper; sourceTree = "<group>"; };
		C6E0E5FA1D336EC200F8CF09 /* LocationManager.h */ = {isa = PBXFileReference; fileEncoding = 4; lastKnownFileType = sourcecode.c.h; path = LocationManager.h; sourceTree = "<group>"; };
		C6E0E5FB1D336EC200F8CF09 /* LocationManager.m */ = {isa = PBXFileReference; fileEncoding = 4; lastKnownFileType = sourcecode.c.objc; path = LocationManager.m; sourceTree = "<group>"; };
		C6E0E5FC1D336EC200F8CF09 /* LoginManager.h */ = {isa = PBXFileReference; fileEncoding = 4; lastKnownFileType = sourcecode.c.h; path = LoginManager.h; sourceTree = "<group>"; };
		C6E0E5FD1D336EC200F8CF09 /* LoginManager.m */ = {isa = PBXFileReference; fileEncoding = 4; lastKnownFileType = sourcecode.c.objc; path = LoginManager.m; sourceTree = "<group>"; };
		C6E0E5FE1D336EC200F8CF09 /* SQLManager.h */ = {isa = PBXFileReference; fileEncoding = 4; lastKnownFileType = sourcecode.c.h; path = SQLManager.h; sourceTree = "<group>"; };
		C6E0E5FF1D336EC200F8CF09 /* SQLManager.m */ = {isa = PBXFileReference; fileEncoding = 4; lastKnownFileType = sourcecode.c.objc; path = SQLManager.m; sourceTree = "<group>"; };
		C6E0E6001D336EC200F8CF09 /* UpdateManager.h */ = {isa = PBXFileReference; fileEncoding = 4; lastKnownFileType = sourcecode.c.h; path = UpdateManager.h; sourceTree = "<group>"; };
		C6E0E6011D336EC200F8CF09 /* UpdateManager.m */ = {isa = PBXFileReference; fileEncoding = 4; lastKnownFileType = sourcecode.c.objc; path = UpdateManager.m; sourceTree = "<group>"; };
		C6E0E6061D336ECA00F8CF09 /* UserInfo.h */ = {isa = PBXFileReference; fileEncoding = 4; lastKnownFileType = sourcecode.c.h; path = UserInfo.h; sourceTree = "<group>"; };
		C6E0E6071D336ECA00F8CF09 /* UserInfo.m */ = {isa = PBXFileReference; fileEncoding = 4; lastKnownFileType = sourcecode.c.objc; path = UserInfo.m; sourceTree = "<group>"; };
		C6E0E6091D336F6100F8CF09 /* AreaInfo.h */ = {isa = PBXFileReference; fileEncoding = 4; lastKnownFileType = sourcecode.c.h; path = AreaInfo.h; sourceTree = "<group>"; };
		C6E0E60A1D336F6100F8CF09 /* AreaInfo.m */ = {isa = PBXFileReference; fileEncoding = 4; lastKnownFileType = sourcecode.c.objc; path = AreaInfo.m; sourceTree = "<group>"; };
		C6E0E60C1D336F7F00F8CF09 /* cityArea.db */ = {isa = PBXFileReference; lastKnownFileType = file; path = cityArea.db; sourceTree = "<group>"; };
		C6E0E60E1D33905A00F8CF09 /* NetJson.h */ = {isa = PBXFileReference; fileEncoding = 4; lastKnownFileType = sourcecode.c.h; path = NetJson.h; sourceTree = "<group>"; };
		C6E0E60F1D33905A00F8CF09 /* NetJson.m */ = {isa = PBXFileReference; fileEncoding = 4; lastKnownFileType = sourcecode.c.objc; path = NetJson.m; sourceTree = "<group>"; };
		C6F5D9461C4FBEEA009240CE /* NSData+BeeExtension.h */ = {isa = PBXFileReference; fileEncoding = 4; lastKnownFileType = sourcecode.c.h; path = "NSData+BeeExtension.h"; sourceTree = "<group>"; };
		C6F5D9471C4FBEEA009240CE /* NSData+BeeExtension.m */ = {isa = PBXFileReference; fileEncoding = 4; lastKnownFileType = sourcecode.c.objc; path = "NSData+BeeExtension.m"; sourceTree = "<group>"; };
		C6F5D9481C4FBEEA009240CE /* NSDate+BeeExtension.h */ = {isa = PBXFileReference; fileEncoding = 4; lastKnownFileType = sourcecode.c.h; path = "NSDate+BeeExtension.h"; sourceTree = "<group>"; };
		C6F5D9491C4FBEEA009240CE /* NSDate+BeeExtension.m */ = {isa = PBXFileReference; fileEncoding = 4; lastKnownFileType = sourcecode.c.objc; path = "NSDate+BeeExtension.m"; sourceTree = "<group>"; };
		C6F5D94A1C4FBEEA009240CE /* NSNull+InternalNullExtention.h */ = {isa = PBXFileReference; fileEncoding = 4; lastKnownFileType = sourcecode.c.h; path = "NSNull+InternalNullExtention.h"; sourceTree = "<group>"; };
		C6F5D94B1C4FBEEA009240CE /* NSNull+InternalNullExtention.m */ = {isa = PBXFileReference; fileEncoding = 4; lastKnownFileType = sourcecode.c.objc; path = "NSNull+InternalNullExtention.m"; sourceTree = "<group>"; };
		C6F5D94C1C4FBEEA009240CE /* NSString+BeeExtension.h */ = {isa = PBXFileReference; fileEncoding = 4; lastKnownFileType = sourcecode.c.h; path = "NSString+BeeExtension.h"; sourceTree = "<group>"; };
		C6F5D94D1C4FBEEA009240CE /* NSString+BeeExtension.m */ = {isa = PBXFileReference; fileEncoding = 4; lastKnownFileType = sourcecode.c.objc; path = "NSString+BeeExtension.m"; sourceTree = "<group>"; };
		C6F5D9501C4FBEEA009240CE /* UIButton+ExpandTouchBound.h */ = {isa = PBXFileReference; fileEncoding = 4; lastKnownFileType = sourcecode.c.h; path = "UIButton+ExpandTouchBound.h"; sourceTree = "<group>"; };
		C6F5D9511C4FBEEA009240CE /* UIButton+ExpandTouchBound.m */ = {isa = PBXFileReference; fileEncoding = 4; lastKnownFileType = sourcecode.c.objc; path = "UIButton+ExpandTouchBound.m"; sourceTree = "<group>"; };
		C6F5D9521C4FBEEA009240CE /* UIColor+Theme.h */ = {isa = PBXFileReference; fileEncoding = 4; lastKnownFileType = sourcecode.c.h; path = "UIColor+Theme.h"; sourceTree = "<group>"; };
		C6F5D9531C4FBEEA009240CE /* UIColor+Theme.m */ = {isa = PBXFileReference; fileEncoding = 4; lastKnownFileType = sourcecode.c.objc; path = "UIColor+Theme.m"; sourceTree = "<group>"; };
		C6F5D9581C4FBEEA009240CE /* UITabBarController+HideTabBar.h */ = {isa = PBXFileReference; fileEncoding = 4; lastKnownFileType = sourcecode.c.h; path = "UITabBarController+HideTabBar.h"; sourceTree = "<group>"; };
		C6F5D9591C4FBEEA009240CE /* UITabBarController+HideTabBar.m */ = {isa = PBXFileReference; fileEncoding = 4; lastKnownFileType = sourcecode.c.objc; path = "UITabBarController+HideTabBar.m"; sourceTree = "<group>"; };
		C6F5D95A1C4FBEEA009240CE /* UITextField+PlaceHolder.h */ = {isa = PBXFileReference; fileEncoding = 4; lastKnownFileType = sourcecode.c.h; path = "UITextField+PlaceHolder.h"; sourceTree = "<group>"; };
		C6F5D95B1C4FBEEA009240CE /* UITextField+PlaceHolder.m */ = {isa = PBXFileReference; fileEncoding = 4; lastKnownFileType = sourcecode.c.objc; path = "UITextField+PlaceHolder.m"; sourceTree = "<group>"; };
		C6F5D95C1C4FBEEA009240CE /* UIView+Utils.h */ = {isa = PBXFileReference; fileEncoding = 4; lastKnownFileType = sourcecode.c.h; path = "UIView+Utils.h"; sourceTree = "<group>"; };
		C6F5D95D1C4FBEEA009240CE /* UIView+Utils.m */ = {isa = PBXFileReference; fileEncoding = 4; lastKnownFileType = sourcecode.c.objc; path = "UIView+Utils.m"; sourceTree = "<group>"; };
		C6F5D96C1C4FBFCA009240CE /* AutoSlideScrollView.h */ = {isa = PBXFileReference; fileEncoding = 4; lastKnownFileType = sourcecode.c.h; path = AutoSlideScrollView.h; sourceTree = "<group>"; };
		C6F5D96D1C4FBFCA009240CE /* AutoSlideScrollView.m */ = {isa = PBXFileReference; fileEncoding = 4; lastKnownFileType = sourcecode.c.objc; path = AutoSlideScrollView.m; sourceTree = "<group>"; };
		C6F5D96F1C4FBFCA009240CE /* ChineseString.h */ = {isa = PBXFileReference; fileEncoding = 4; lastKnownFileType = sourcecode.c.h; path = ChineseString.h; sourceTree = "<group>"; };
		C6F5D9701C4FBFCA009240CE /* ChineseString.m */ = {isa = PBXFileReference; fileEncoding = 4; lastKnownFileType = sourcecode.c.objc; path = ChineseString.m; sourceTree = "<group>"; };
		C6F5D9711C4FBFCA009240CE /* pinyin.c */ = {isa = PBXFileReference; fileEncoding = 4; lastKnownFileType = sourcecode.c.c; path = pinyin.c; sourceTree = "<group>"; };
		C6F5D9721C4FBFCA009240CE /* pinyin.h */ = {isa = PBXFileReference; fileEncoding = 4; lastKnownFileType = sourcecode.c.h; path = pinyin.h; sourceTree = "<group>"; };
		C6F5D9741C4FBFCA009240CE /* QRCodeGenerator.h */ = {isa = PBXFileReference; fileEncoding = 4; lastKnownFileType = sourcecode.c.h; path = QRCodeGenerator.h; sourceTree = "<group>"; };
		C6F5D9751C4FBFCA009240CE /* QRCodeGenerator.m */ = {isa = PBXFileReference; fileEncoding = 4; lastKnownFileType = sourcecode.c.objc; path = QRCodeGenerator.m; sourceTree = "<group>"; };
		C6F5D9761C4FBFCA009240CE /* QRCodeViewController.h */ = {isa = PBXFileReference; fileEncoding = 4; lastKnownFileType = sourcecode.c.h; path = QRCodeViewController.h; sourceTree = "<group>"; };
		C6F5D9771C4FBFCA009240CE /* QRCodeViewController.m */ = {isa = PBXFileReference; fileEncoding = 4; lastKnownFileType = sourcecode.c.objc; path = QRCodeViewController.m; sourceTree = "<group>"; };
		C6F5D9791C4FBFCA009240CE /* TQStarRatingView.h */ = {isa = PBXFileReference; fileEncoding = 4; lastKnownFileType = sourcecode.c.h; path = TQStarRatingView.h; sourceTree = "<group>"; };
		C6F5D97A1C4FBFCA009240CE /* TQStarRatingView.m */ = {isa = PBXFileReference; fileEncoding = 4; lastKnownFileType = sourcecode.c.objc; path = TQStarRatingView.m; sourceTree = "<group>"; };
/* End PBXFileReference section */

/* Begin PBXFrameworksBuildPhase section */
		3914CC1D1C4C92DF00CA4B4A /* Frameworks */ = {
			isa = PBXFrameworksBuildPhase;
			buildActionMask = 2147483647;
			files = (
				399FD2A31C50C25100E6A936 /* libz.1.1.3.tbd in Frameworks */,
				2BBC8D05465F41E393E46EEB /* libPods-BaseProduct.a in Frameworks */,
			);
			runOnlyForDeploymentPostprocessing = 0;
		};
		3914CC361C4C92DF00CA4B4A /* Frameworks */ = {
			isa = PBXFrameworksBuildPhase;
			buildActionMask = 2147483647;
			files = (
			);
			runOnlyForDeploymentPostprocessing = 0;
		};
		3914CC411C4C92DF00CA4B4A /* Frameworks */ = {
			isa = PBXFrameworksBuildPhase;
			buildActionMask = 2147483647;
			files = (
			);
			runOnlyForDeploymentPostprocessing = 0;
		};
/* End PBXFrameworksBuildPhase section */

/* Begin PBXGroup section */
		366FA6F37BA218D126BCEE8D /* Frameworks */ = {
			isa = PBXGroup;
			children = (
				399FD2A21C50C25100E6A936 /* libz.1.1.3.tbd */,
				6F5384714F3C2B767443CD32 /* Pods.framework */,
				AE23F72AF9321C9121695033 /* libPods-BaseProduct.a */,
			);
			name = Frameworks;
			sourceTree = "<group>";
		};
		3914CC171C4C92DF00CA4B4A = {
			isa = PBXGroup;
			children = (
				3914CC221C4C92DF00CA4B4A /* BaseProduct */,
				39D591A31C4E43990022D37A /* Categories */,
				39D591A41C4E43990022D37A /* Controller */,
				39D591A51C4E43990022D37A /* Macro */,
				39D591A61C4E43990022D37A /* Models */,
				39D591A71C4E43990022D37A /* Network */,
				39D591A81C4E43990022D37A /* Resources */,
				39D591A91C4E43990022D37A /* Vendor */,
				C6F5D96A1C4FBFCA009240CE /* General */,
				3914CC3C1C4C92DF00CA4B4A /* BaseProductTests */,
				3914CC471C4C92DF00CA4B4A /* BaseProductUITests */,
				3914CC211C4C92DF00CA4B4A /* Products */,
				366FA6F37BA218D126BCEE8D /* Frameworks */,
				77EE0B0F3EC41E084F5A9BCC /* Pods */,
			);
			sourceTree = "<group>";
		};
		3914CC211C4C92DF00CA4B4A /* Products */ = {
			isa = PBXGroup;
			children = (
				3914CC201C4C92DF00CA4B4A /* BaseProduct.app */,
				3914CC391C4C92DF00CA4B4A /* BaseProductTests.xctest */,
				3914CC441C4C92DF00CA4B4A /* BaseProductUITests.xctest */,
			);
			name = Products;
			sourceTree = "<group>";
		};
		3914CC221C4C92DF00CA4B4A /* BaseProduct */ = {
			isa = PBXGroup;
			children = (
				3914CC261C4C92DF00CA4B4A /* AppDelegate.h */,
				3914CC271C4C92DF00CA4B4A /* AppDelegate.m */,
				3914CC291C4C92DF00CA4B4A /* ViewController.h */,
				3914CC2A1C4C92DF00CA4B4A /* ViewController.m */,
				3914CC2C1C4C92DF00CA4B4A /* Main.storyboard */,
				3914CC2F1C4C92DF00CA4B4A /* Assets.xcassets */,
				3914CC311C4C92DF00CA4B4A /* LaunchScreen.storyboard */,
				3914CC341C4C92DF00CA4B4A /* Info.plist */,
				3914CC231C4C92DF00CA4B4A /* Supporting Files */,
				39D591AA1C4E43E40022D37A /* PrefixHeader.pch */,
				39D591AB1C4E44300022D37A /* Foundation+Log.m */,
			);
			path = BaseProduct;
			sourceTree = "<group>";
		};
		3914CC231C4C92DF00CA4B4A /* Supporting Files */ = {
			isa = PBXGroup;
			children = (
				3914CC241C4C92DF00CA4B4A /* main.m */,
			);
			name = "Supporting Files";
			sourceTree = "<group>";
		};
		3914CC3C1C4C92DF00CA4B4A /* BaseProductTests */ = {
			isa = PBXGroup;
			children = (
				3914CC3D1C4C92DF00CA4B4A /* BaseProductTests.m */,
				3914CC3F1C4C92DF00CA4B4A /* Info.plist */,
			);
			path = BaseProductTests;
			sourceTree = "<group>";
		};
		3914CC471C4C92DF00CA4B4A /* BaseProductUITests */ = {
			isa = PBXGroup;
			children = (
				3914CC481C4C92DF00CA4B4A /* BaseProductUITests.m */,
				3914CC4A1C4C92DF00CA4B4A /* Info.plist */,
			);
			path = BaseProductUITests;
			sourceTree = "<group>";
		};
		3982F3441CB7AB370010D270 /* CustomAlertView */ = {
			isa = PBXGroup;
			children = (
				3982F3451CB7AB370010D270 /* YJAlertView.h */,
				3982F3461CB7AB370010D270 /* YJAlertView.m */,
			);
			path = CustomAlertView;
			sourceTree = "<group>";
		};
		3982F3471CB7AB370010D270 /* JXTLibrary */ = {
			isa = PBXGroup;
			children = (
				3982F3481CB7AB370010D270 /* JXTAlertTools.h */,
				3982F3491CB7AB370010D270 /* JXTAlertTools.m */,
			);
			path = JXTLibrary;
			sourceTree = "<group>";
		};
		3982F34A1CB7AB370010D270 /* LaunchAd */ = {
			isa = PBXGroup;
			children = (
				3982F34B1CB7AB370010D270 /* BBLaunchAdMonitor.h */,
				3982F34C1CB7AB370010D270 /* BBLaunchAdMonitor.m */,
				3982F34D1CB7AB370010D270 /* YJLanuchAdMonitor.h */,
				3982F34E1CB7AB370010D270 /* YJLanuchAdMonitor.m */,
			);
			path = LaunchAd;
			sourceTree = "<group>";
		};
		3982F34F1CB7AB370010D270 /* RxWebView */ = {
			isa = PBXGroup;
			children = (
				3982F3501CB7AB370010D270 /* NJKWebViewProgress */,
				3982F3551CB7AB370010D270 /* RxWebViewController.h */,
				3982F3561CB7AB370010D270 /* RxWebViewController.m */,
			);
			path = RxWebView;
			sourceTree = "<group>";
		};
		3982F3501CB7AB370010D270 /* NJKWebViewProgress */ = {
			isa = PBXGroup;
			children = (
				3982F3511CB7AB370010D270 /* NJKWebViewProgress.h */,
				3982F3521CB7AB370010D270 /* NJKWebViewProgress.m */,
				3982F3531CB7AB370010D270 /* NJKWebViewProgressView.h */,
				3982F3541CB7AB370010D270 /* NJKWebViewProgressView.m */,
			);
			path = NJKWebViewProgress;
			sourceTree = "<group>";
		};
		3982F3591CB7AB370010D270 /* TimerHelper */ = {
			isa = PBXGroup;
			children = (
				3982F35A1CB7AB370010D270 /* TimerHelper.h */,
				3982F35B1CB7AB370010D270 /* TimerHelper.m */,
			);
			path = TimerHelper;
			sourceTree = "<group>";
		};
		399FD2991C50BA7800E6A936 /* TextFieldValidator */ = {
			isa = PBXGroup;
			children = (
				399FD29A1C50BA7800E6A936 /* error.png */,
				399FD29B1C50BA7800E6A936 /* error@2x.png */,
				399FD29C1C50BA7800E6A936 /* TextFieldValidator.h */,
				399FD29D1C50BA7800E6A936 /* TextFieldValidator.m */,
			);
			path = TextFieldValidator;
			sourceTree = "<group>";
		};
		39D591A31C4E43990022D37A /* Categories */ = {
			isa = PBXGroup;
			children = (
				C6F5D9451C4FBEEA009240CE /* Extension */,
				399FD2931C50B7AB00E6A936 /* SpecialFunctions.h */,
				399FD2941C50B7AB00E6A936 /* SpecialFunctions.m */,
			);
			path = Categories;
			sourceTree = "<group>";
		};
		39D591A41C4E43990022D37A /* Controller */ = {
			isa = PBXGroup;
			children = (
				39D591B11C4E46430022D37A /* BaseNavigationController.h */,
				39D591B21C4E46430022D37A /* BaseNavigationController.m */,
				39D591B41C4E46BF0022D37A /* BaseViewController.h */,
				39D591B51C4E46BF0022D37A /* BaseViewController.m */,
				39D591B71C4F1F110022D37A /* BaseTableViewController.h */,
				39D591B81C4F1F110022D37A /* BaseTableViewController.m */,
			);
			path = Controller;
			sourceTree = "<group>";
		};
		39D591A51C4E43990022D37A /* Macro */ = {
			isa = PBXGroup;
			children = (
				39D591BB1C4F59B10022D37A /* NotificationMacros.h */,
				39D591BC1C4F5BDF0022D37A /* AppMacros.h */,
				39D591BD1C4F5EA70022D37A /* UtilsMacro.h */,
				39D591BE1C4F60C70022D37A /* ColorMacro.h */,
				39D591BF1C4F7C270022D37A /* CustomENUM.h */,
			);
			path = Macro;
			sourceTree = "<group>";
		};
		39D591A61C4E43990022D37A /* Models */ = {
			isa = PBXGroup;
			children = (
				39D591B01C4E456E0022D37A /* Manager */,
				39D591AD1C4E45430022D37A /* BaseModel.h */,
				39D591AE1C4E45430022D37A /* BaseModel.m */,
				C6E0E6061D336ECA00F8CF09 /* UserInfo.h */,
				C6E0E6071D336ECA00F8CF09 /* UserInfo.m */,
				C6E0E6091D336F6100F8CF09 /* AreaInfo.h */,
				C6E0E60A1D336F6100F8CF09 /* AreaInfo.m */,
			);
			path = Models;
			sourceTree = "<group>";
		};
		39D591A71C4E43990022D37A /* Network */ = {
			isa = PBXGroup;
			children = (
				39DFBF031C605251000F2C88 /* AFNetWorkUtils.h */,
				39DFBF041C605251000F2C88 /* AFNetWorkUtils.m */,
				39DFBF051C605251000F2C88 /* NSErrorHelper.h */,
				39DFBF061C605251000F2C88 /* NSErrorHelper.m */,
				3982F3401CB7A6190010D270 /* IPAddress.h */,
				3982F3411CB7A6190010D270 /* IPAddress.m */,
				3982F3421CB7A6190010D270 /* Urls.h */,
				C6E0E60E1D33905A00F8CF09 /* NetJson.h */,
				C6E0E60F1D33905A00F8CF09 /* NetJson.m */,
			);
			path = Network;
			sourceTree = "<group>";
		};
		39D591A81C4E43990022D37A /* Resources */ = {
			isa = PBXGroup;
			children = (
				C6E0E60C1D336F7F00F8CF09 /* cityArea.db */,
			);
			path = Resources;
			sourceTree = "<group>";
		};
		39D591A91C4E43990022D37A /* Vendor */ = {
			isa = PBXGroup;
			children = (
			);
			path = Vendor;
			sourceTree = "<group>";
		};
		39D591B01C4E456E0022D37A /* Manager */ = {
			isa = PBXGroup;
			children = (
				C6E0E5FA1D336EC200F8CF09 /* LocationManager.h */,
				C6E0E5FB1D336EC200F8CF09 /* LocationManager.m */,
				C6E0E5FC1D336EC200F8CF09 /* LoginManager.h */,
				C6E0E5FD1D336EC200F8CF09 /* LoginManager.m */,
				C6E0E5FE1D336EC200F8CF09 /* SQLManager.h */,
				C6E0E5FF1D336EC200F8CF09 /* SQLManager.m */,
				C6E0E6001D336EC200F8CF09 /* UpdateManager.h */,
				C6E0E6011D336EC200F8CF09 /* UpdateManager.m */,
			);
			path = Manager;
			sourceTree = "<group>";
		};
		77EE0B0F3EC41E084F5A9BCC /* Pods */ = {
			isa = PBXGroup;
			children = (
				522F8679C430AA7CB04456DC /* Pods-BaseProduct.debug.xcconfig */,
				5ABD3A01D9B20A4282995257 /* Pods-BaseProduct.release.xcconfig */,
			);
			name = Pods;
			sourceTree = "<group>";
		};
		C6F5D9451C4FBEEA009240CE /* Extension */ = {
			isa = PBXGroup;
			children = (
				399FD2871C507E8B00E6A936 /* NSArray+SCAddition.h */,
				399FD2881C507E8B00E6A936 /* NSArray+SCAddition.m */,
				399FD2891C507E8B00E6A936 /* NSDictionary+SCAddition.h */,
				399FD28A1C507E8B00E6A936 /* NSDictionary+SCAddition.m */,
				C6F5D9461C4FBEEA009240CE /* NSData+BeeExtension.h */,
				C6F5D9471C4FBEEA009240CE /* NSData+BeeExtension.m */,
				C6F5D9481C4FBEEA009240CE /* NSDate+BeeExtension.h */,
				C6F5D9491C4FBEEA009240CE /* NSDate+BeeExtension.m */,
				C6F5D94A1C4FBEEA009240CE /* NSNull+InternalNullExtention.h */,
				C6F5D94B1C4FBEEA009240CE /* NSNull+InternalNullExtention.m */,
				C6F5D94C1C4FBEEA009240CE /* NSString+BeeExtension.h */,
				C6F5D94D1C4FBEEA009240CE /* NSString+BeeExtension.m */,
				C6F5D9501C4FBEEA009240CE /* UIButton+ExpandTouchBound.h */,
				C6F5D9511C4FBEEA009240CE /* UIButton+ExpandTouchBound.m */,
				399FD28D1C50881A00E6A936 /* UIDevice+SCAddition.h */,
				399FD28E1C50881A00E6A936 /* UIDevice+SCAddition.m */,
				C6F5D9521C4FBEEA009240CE /* UIColor+Theme.h */,
				C6F5D9531C4FBEEA009240CE /* UIColor+Theme.m */,
				399FD2901C50A74600E6A936 /* UIImage+SCAddition.h */,
				399FD2911C50A74600E6A936 /* UIImage+SCAddition.m */,
				C6F5D9581C4FBEEA009240CE /* UITabBarController+HideTabBar.h */,
				C6F5D9591C4FBEEA009240CE /* UITabBarController+HideTabBar.m */,
				C6F5D95A1C4FBEEA009240CE /* UITextField+PlaceHolder.h */,
				C6F5D95B1C4FBEEA009240CE /* UITextField+PlaceHolder.m */,
				399FD2961C50B97F00E6A936 /* UITextView+Placeholder.h */,
				399FD2971C50B97F00E6A936 /* UITextView+Placeholder.m */,
				C6F5D95C1C4FBEEA009240CE /* UIView+Utils.h */,
				C6F5D95D1C4FBEEA009240CE /* UIView+Utils.m */,
				399FD2A71C50C5C200E6A936 /* UIButton+SCAddition.h */,
				399FD2A81C50C5C200E6A936 /* UIButton+SCAddition.m */,
			);
			path = Extension;
			sourceTree = "<group>";
		};
		C6F5D96A1C4FBFCA009240CE /* General */ = {
			isa = PBXGroup;
			children = (
				C6E0E5E01D336C8700F8CF09 /* TimerHelper */,
				3982F3441CB7AB370010D270 /* CustomAlertView */,
				3982F3471CB7AB370010D270 /* JXTLibrary */,
				3982F34A1CB7AB370010D270 /* LaunchAd */,
				3982F34F1CB7AB370010D270 /* RxWebView */,
				3982F3591CB7AB370010D270 /* TimerHelper */,
				399FD2991C50BA7800E6A936 /* TextFieldValidator */,
				C6F5D96B1C4FBFCA009240CE /* AutoScrollView */,
				C6F5D96E1C4FBFCA009240CE /* ChineseSorting */,
				C6F5D9731C4FBFCA009240CE /* QRCode */,
				C6F5D9781C4FBFCA009240CE /* TQStarRatingView */,
			);
			path = General;
			sourceTree = "<group>";
		};
		C6F5D96B1C4FBFCA009240CE /* AutoScrollView */ = {
			isa = PBXGroup;
			children = (
				C6F5D96C1C4FBFCA009240CE /* AutoSlideScrollView.h */,
				C6F5D96D1C4FBFCA009240CE /* AutoSlideScrollView.m */,
			);
			path = AutoScrollView;
			sourceTree = "<group>";
		};
		C6F5D96E1C4FBFCA009240CE /* ChineseSorting */ = {
			isa = PBXGroup;
			children = (
				C6F5D96F1C4FBFCA009240CE /* ChineseString.h */,
				C6F5D9701C4FBFCA009240CE /* ChineseString.m */,
				C6F5D9711C4FBFCA009240CE /* pinyin.c */,
				C6F5D9721C4FBFCA009240CE /* pinyin.h */,
			);
			path = ChineseSorting;
			sourceTree = "<group>";
		};
		C6F5D9731C4FBFCA009240CE /* QRCode */ = {
			isa = PBXGroup;
			children = (
				C6F5D9741C4FBFCA009240CE /* QRCodeGenerator.h */,
				C6F5D9751C4FBFCA009240CE /* QRCodeGenerator.m */,
				C6F5D9761C4FBFCA009240CE /* QRCodeViewController.h */,
				C6F5D9771C4FBFCA009240CE /* QRCodeViewController.m */,
			);
			path = QRCode;
			sourceTree = "<group>";
		};
		C6F5D9781C4FBFCA009240CE /* TQStarRatingView */ = {
			isa = PBXGroup;
			children = (
				C6F5D9791C4FBFCA009240CE /* TQStarRatingView.h */,
				C6F5D97A1C4FBFCA009240CE /* TQStarRatingView.m */,
			);
			path = TQStarRatingView;
			sourceTree = "<group>";
		};
/* End PBXGroup section */

/* Begin PBXNativeTarget section */
		3914CC1F1C4C92DF00CA4B4A /* BaseProduct */ = {
			isa = PBXNativeTarget;
			buildConfigurationList = 3914CC4D1C4C92DF00CA4B4A /* Build configuration list for PBXNativeTarget "BaseProduct" */;
			buildPhases = (
				141A6334EF3B0669DCAEC38B /* Check Pods Manifest.lock */,
				3914CC1C1C4C92DF00CA4B4A /* Sources */,
				3914CC1D1C4C92DF00CA4B4A /* Frameworks */,
				3914CC1E1C4C92DF00CA4B4A /* Resources */,
				6D9E30009408E645A2892259 /* Embed Pods Frameworks */,
				F30B4847D1947761CD63D889 /* Copy Pods Resources */,
			);
			buildRules = (
			);
			dependencies = (
			);
			name = BaseProduct;
			productName = BaseProduct;
			productReference = 3914CC201C4C92DF00CA4B4A /* BaseProduct.app */;
			productType = "com.apple.product-type.application";
		};
		3914CC381C4C92DF00CA4B4A /* BaseProductTests */ = {
			isa = PBXNativeTarget;
			buildConfigurationList = 3914CC501C4C92DF00CA4B4A /* Build configuration list for PBXNativeTarget "BaseProductTests" */;
			buildPhases = (
				3914CC351C4C92DF00CA4B4A /* Sources */,
				3914CC361C4C92DF00CA4B4A /* Frameworks */,
				3914CC371C4C92DF00CA4B4A /* Resources */,
			);
			buildRules = (
			);
			dependencies = (
				3914CC3B1C4C92DF00CA4B4A /* PBXTargetDependency */,
			);
			name = BaseProductTests;
			productName = BaseProductTests;
			productReference = 3914CC391C4C92DF00CA4B4A /* BaseProductTests.xctest */;
			productType = "com.apple.product-type.bundle.unit-test";
		};
		3914CC431C4C92DF00CA4B4A /* BaseProductUITests */ = {
			isa = PBXNativeTarget;
			buildConfigurationList = 3914CC531C4C92DF00CA4B4A /* Build configuration list for PBXNativeTarget "BaseProductUITests" */;
			buildPhases = (
				3914CC401C4C92DF00CA4B4A /* Sources */,
				3914CC411C4C92DF00CA4B4A /* Frameworks */,
				3914CC421C4C92DF00CA4B4A /* Resources */,
			);
			buildRules = (
			);
			dependencies = (
				3914CC461C4C92DF00CA4B4A /* PBXTargetDependency */,
			);
			name = BaseProductUITests;
			productName = BaseProductUITests;
			productReference = 3914CC441C4C92DF00CA4B4A /* BaseProductUITests.xctest */;
			productType = "com.apple.product-type.bundle.ui-testing";
		};
/* End PBXNativeTarget section */

/* Begin PBXProject section */
		3914CC181C4C92DF00CA4B4A /* Project object */ = {
			isa = PBXProject;
			attributes = {
				CLASSPREFIX = "";
				LastUpgradeCheck = 0720;
				ORGANIZATIONNAME = yingjian;
				TargetAttributes = {
					3914CC1F1C4C92DF00CA4B4A = {
						CreatedOnToolsVersion = 7.2;
					};
					3914CC381C4C92DF00CA4B4A = {
						CreatedOnToolsVersion = 7.2;
						TestTargetID = 3914CC1F1C4C92DF00CA4B4A;
					};
					3914CC431C4C92DF00CA4B4A = {
						CreatedOnToolsVersion = 7.2;
						TestTargetID = 3914CC1F1C4C92DF00CA4B4A;
					};
				};
			};
			buildConfigurationList = 3914CC1B1C4C92DF00CA4B4A /* Build configuration list for PBXProject "BaseProduct" */;
			compatibilityVersion = "Xcode 3.2";
			developmentRegion = English;
			hasScannedForEncodings = 0;
			knownRegions = (
				en,
				Base,
			);
			mainGroup = 3914CC171C4C92DF00CA4B4A;
			productRefGroup = 3914CC211C4C92DF00CA4B4A /* Products */;
			projectDirPath = "";
			projectRoot = "";
			targets = (
				3914CC1F1C4C92DF00CA4B4A /* BaseProduct */,
				3914CC381C4C92DF00CA4B4A /* BaseProductTests */,
				3914CC431C4C92DF00CA4B4A /* BaseProductUITests */,
			);
		};
/* End PBXProject section */

/* Begin PBXResourcesBuildPhase section */
		3914CC1E1C4C92DF00CA4B4A /* Resources */ = {
			isa = PBXResourcesBuildPhase;
			buildActionMask = 2147483647;
			files = (
				C6E0E5E11D336C8700F8CF09 /* TimerHelper in Resources */,
				3914CC331C4C92DF00CA4B4A /* LaunchScreen.storyboard in Resources */,
				C6E0E60D1D336F7F00F8CF09 /* cityArea.db in Resources */,
				399FD29F1C50BA7800E6A936 /* error@2x.png in Resources */,
				3914CC301C4C92DF00CA4B4A /* Assets.xcassets in Resources */,
				399FD29E1C50BA7800E6A936 /* error.png in Resources */,
				3914CC2E1C4C92DF00CA4B4A /* Main.storyboard in Resources */,
			);
			runOnlyForDeploymentPostprocessing = 0;
		};
		3914CC371C4C92DF00CA4B4A /* Resources */ = {
			isa = PBXResourcesBuildPhase;
			buildActionMask = 2147483647;
			files = (
			);
			runOnlyForDeploymentPostprocessing = 0;
		};
		3914CC421C4C92DF00CA4B4A /* Resources */ = {
			isa = PBXResourcesBuildPhase;
			buildActionMask = 2147483647;
			files = (
			);
			runOnlyForDeploymentPostprocessing = 0;
		};
/* End PBXResourcesBuildPhase section */

/* Begin PBXShellScriptBuildPhase section */
		141A6334EF3B0669DCAEC38B /* Check Pods Manifest.lock */ = {
			isa = PBXShellScriptBuildPhase;
			buildActionMask = 2147483647;
			files = (
			);
			inputPaths = (
			);
			name = "Check Pods Manifest.lock";
			outputPaths = (
			);
			runOnlyForDeploymentPostprocessing = 0;
			shellPath = /bin/sh;
			shellScript = "diff \"${PODS_ROOT}/../Podfile.lock\" \"${PODS_ROOT}/Manifest.lock\" > /dev/null\nif [[ $? != 0 ]] ; then\n    cat << EOM\nerror: The sandbox is not in sync with the Podfile.lock. Run 'pod install' or update your CocoaPods installation.\nEOM\n    exit 1\nfi\n";
			showEnvVarsInLog = 0;
		};
		6D9E30009408E645A2892259 /* Embed Pods Frameworks */ = {
			isa = PBXShellScriptBuildPhase;
			buildActionMask = 2147483647;
			files = (
			);
			inputPaths = (
			);
			name = "Embed Pods Frameworks";
			outputPaths = (
			);
			runOnlyForDeploymentPostprocessing = 0;
			shellPath = /bin/sh;
			shellScript = "\"${SRCROOT}/Pods/Target Support Files/Pods-BaseProduct/Pods-BaseProduct-frameworks.sh\"\n";
			showEnvVarsInLog = 0;
		};
		F30B4847D1947761CD63D889 /* Copy Pods Resources */ = {
			isa = PBXShellScriptBuildPhase;
			buildActionMask = 2147483647;
			files = (
			);
			inputPaths = (
			);
			name = "Copy Pods Resources";
			outputPaths = (
			);
			runOnlyForDeploymentPostprocessing = 0;
			shellPath = /bin/sh;
			shellScript = "\"${SRCROOT}/Pods/Target Support Files/Pods-BaseProduct/Pods-BaseProduct-resources.sh\"\n";
			showEnvVarsInLog = 0;
		};
/* End PBXShellScriptBuildPhase section */

/* Begin PBXSourcesBuildPhase section */
		3914CC1C1C4C92DF00CA4B4A /* Sources */ = {
			isa = PBXSourcesBuildPhase;
			buildActionMask = 2147483647;
			files = (
				3914CC2B1C4C92DF00CA4B4A /* ViewController.m in Sources */,
				C6E0E60B1D336F6100F8CF09 /* AreaInfo.m in Sources */,
				C6F5D97D1C4FBFCA009240CE /* pinyin.c in Sources */,
				C6F5D9681C4FBEEA009240CE /* UITextField+PlaceHolder.m in Sources */,
				399FD28F1C50881A00E6A936 /* UIDevice+SCAddition.m in Sources */,
				399FD2A01C50BA7800E6A936 /* TextFieldValidator.m in Sources */,
				C6F5D97B1C4FBFCA009240CE /* AutoSlideScrollView.m in Sources */,
				3982F35E1CB7AB370010D270 /* BBLaunchAdMonitor.m in Sources */,
				3914CC281C4C92DF00CA4B4A /* AppDelegate.m in Sources */,
				C6F5D9611C4FBEEA009240CE /* NSString+BeeExtension.m in Sources */,
				39D591B31C4E46430022D37A /* BaseNavigationController.m in Sources */,
				3982F3601CB7AB370010D270 /* NJKWebViewProgress.m in Sources */,
				3982F3431CB7A6190010D270 /* IPAddress.m in Sources */,
				C6E0E6101D33905A00F8CF09 /* NetJson.m in Sources */,
				3982F35F1CB7AB370010D270 /* YJLanuchAdMonitor.m in Sources */,
				3982F35C1CB7AB370010D270 /* YJAlertView.m in Sources */,
				399FD28C1C507E8B00E6A936 /* NSDictionary+SCAddition.m in Sources */,
				C6F5D9671C4FBEEA009240CE /* UITabBarController+HideTabBar.m in Sources */,
				C6E0E6081D336ECA00F8CF09 /* UserInfo.m in Sources */,
				3982F3641CB7AB370010D270 /* TimerHelper.m in Sources */,
				3982F35D1CB7AB370010D270 /* JXTAlertTools.m in Sources */,
				3914CC251C4C92DF00CA4B4A /* main.m in Sources */,
				C6F5D97C1C4FBFCA009240CE /* ChineseString.m in Sources */,
				39DFBF071C605251000F2C88 /* AFNetWorkUtils.m in Sources */,
				C6E0E6051D336EC200F8CF09 /* UpdateManager.m in Sources */,
				C6E0E6031D336EC200F8CF09 /* LoginManager.m in Sources */,
				C6E0E6041D336EC200F8CF09 /* SQLManager.m in Sources */,
				3982F3621CB7AB370010D270 /* RxWebViewController.m in Sources */,
				399FD28B1C507E8B00E6A936 /* NSArray+SCAddition.m in Sources */,
				39D591AF1C4E45430022D37A /* BaseModel.m in Sources */,
				39D591B61C4E46BF0022D37A /* BaseViewController.m in Sources */,
				39DFBF081C605251000F2C88 /* NSErrorHelper.m in Sources */,
				399FD2951C50B7AB00E6A936 /* SpecialFunctions.m in Sources */,
				39D591B91C4F1F110022D37A /* BaseTableViewController.m in Sources */,
				C6F5D9601C4FBEEA009240CE /* NSNull+InternalNullExtention.m in Sources */,
				C6F5D95F1C4FBEEA009240CE /* NSDate+BeeExtension.m in Sources */,
				C6F5D97E1C4FBFCA009240CE /* QRCodeGenerator.m in Sources */,
				399FD2A91C50C5C200E6A936 /* UIButton+SCAddition.m in Sources */,
				C6F5D9801C4FBFCA009240CE /* TQStarRatingView.m in Sources */,
				3982F3611CB7AB370010D270 /* NJKWebViewProgressView.m in Sources */,
				399FD2921C50A74600E6A936 /* UIImage+SCAddition.m in Sources */,
				C6E0E6021D336EC200F8CF09 /* LocationManager.m in Sources */,
				C6F5D9641C4FBEEA009240CE /* UIColor+Theme.m in Sources */,
				399FD2981C50B97F00E6A936 /* UITextView+Placeholder.m in Sources */,
				C6F5D97F1C4FBFCA009240CE /* QRCodeViewController.m in Sources */,
				39D591AC1C4E44310022D37A /* Foundation+Log.m in Sources */,
				C6F5D9631C4FBEEA009240CE /* UIButton+ExpandTouchBound.m in Sources */,
				C6F5D9691C4FBEEA009240CE /* UIView+Utils.m in Sources */,
				C6F5D95E1C4FBEEA009240CE /* NSData+BeeExtension.m in Sources */,
			);
			runOnlyForDeploymentPostprocessing = 0;
		};
		3914CC351C4C92DF00CA4B4A /* Sources */ = {
			isa = PBXSourcesBuildPhase;
			buildActionMask = 2147483647;
			files = (
				3914CC3E1C4C92DF00CA4B4A /* BaseProductTests.m in Sources */,
			);
			runOnlyForDeploymentPostprocessing = 0;
		};
		3914CC401C4C92DF00CA4B4A /* Sources */ = {
			isa = PBXSourcesBuildPhase;
			buildActionMask = 2147483647;
			files = (
				3914CC491C4C92DF00CA4B4A /* BaseProductUITests.m in Sources */,
			);
			runOnlyForDeploymentPostprocessing = 0;
		};
/* End PBXSourcesBuildPhase section */

/* Begin PBXTargetDependency section */
		3914CC3B1C4C92DF00CA4B4A /* PBXTargetDependency */ = {
			isa = PBXTargetDependency;
			target = 3914CC1F1C4C92DF00CA4B4A /* BaseProduct */;
			targetProxy = 3914CC3A1C4C92DF00CA4B4A /* PBXContainerItemProxy */;
		};
		3914CC461C4C92DF00CA4B4A /* PBXTargetDependency */ = {
			isa = PBXTargetDependency;
			target = 3914CC1F1C4C92DF00CA4B4A /* BaseProduct */;
			targetProxy = 3914CC451C4C92DF00CA4B4A /* PBXContainerItemProxy */;
		};
/* End PBXTargetDependency section */

/* Begin PBXVariantGroup section */
		3914CC2C1C4C92DF00CA4B4A /* Main.storyboard */ = {
			isa = PBXVariantGroup;
			children = (
				3914CC2D1C4C92DF00CA4B4A /* Base */,
			);
			name = Main.storyboard;
			sourceTree = "<group>";
		};
		3914CC311C4C92DF00CA4B4A /* LaunchScreen.storyboard */ = {
			isa = PBXVariantGroup;
			children = (
				3914CC321C4C92DF00CA4B4A /* Base */,
			);
			name = LaunchScreen.storyboard;
			sourceTree = "<group>";
		};
/* End PBXVariantGroup section */

/* Begin XCBuildConfiguration section */
		3914CC4B1C4C92DF00CA4B4A /* Debug */ = {
			isa = XCBuildConfiguration;
			buildSettings = {
				ALWAYS_SEARCH_USER_PATHS = NO;
				CLANG_CXX_LANGUAGE_STANDARD = "gnu++0x";
				CLANG_CXX_LIBRARY = "libc++";
				CLANG_ENABLE_MODULES = YES;
				CLANG_ENABLE_OBJC_ARC = YES;
				CLANG_WARN_BOOL_CONVERSION = YES;
				CLANG_WARN_CONSTANT_CONVERSION = YES;
				CLANG_WARN_DIRECT_OBJC_ISA_USAGE = YES_ERROR;
				CLANG_WARN_EMPTY_BODY = YES;
				CLANG_WARN_ENUM_CONVERSION = YES;
				CLANG_WARN_INT_CONVERSION = YES;
				CLANG_WARN_OBJC_ROOT_CLASS = YES_ERROR;
				CLANG_WARN_UNREACHABLE_CODE = YES;
				CLANG_WARN__DUPLICATE_METHOD_MATCH = YES;
				"CODE_SIGN_IDENTITY[sdk=iphoneos*]" = "iPhone Developer";
				COPY_PHASE_STRIP = NO;
				DEBUG_INFORMATION_FORMAT = dwarf;
				ENABLE_STRICT_OBJC_MSGSEND = YES;
				ENABLE_TESTABILITY = YES;
				GCC_C_LANGUAGE_STANDARD = gnu99;
				GCC_DYNAMIC_NO_PIC = NO;
				GCC_NO_COMMON_BLOCKS = YES;
				GCC_OPTIMIZATION_LEVEL = 0;
				GCC_PREPROCESSOR_DEFINITIONS = (
					"DEBUG=1",
					"$(inherited)",
				);
				GCC_WARN_64_TO_32_BIT_CONVERSION = YES;
				GCC_WARN_ABOUT_RETURN_TYPE = YES_ERROR;
				GCC_WARN_UNDECLARED_SELECTOR = YES;
				GCC_WARN_UNINITIALIZED_AUTOS = YES_AGGRESSIVE;
				GCC_WARN_UNUSED_FUNCTION = YES;
				GCC_WARN_UNUSED_VARIABLE = YES;
				IPHONEOS_DEPLOYMENT_TARGET = 7.0;
				MTL_ENABLE_DEBUG_INFO = YES;
				ONLY_ACTIVE_ARCH = YES;
				SDKROOT = iphoneos;
			};
			name = Debug;
		};
		3914CC4C1C4C92DF00CA4B4A /* Release */ = {
			isa = XCBuildConfiguration;
			buildSettings = {
				ALWAYS_SEARCH_USER_PATHS = NO;
				CLANG_CXX_LANGUAGE_STANDARD = "gnu++0x";
				CLANG_CXX_LIBRARY = "libc++";
				CLANG_ENABLE_MODULES = YES;
				CLANG_ENABLE_OBJC_ARC = YES;
				CLANG_WARN_BOOL_CONVERSION = YES;
				CLANG_WARN_CONSTANT_CONVERSION = YES;
				CLANG_WARN_DIRECT_OBJC_ISA_USAGE = YES_ERROR;
				CLANG_WARN_EMPTY_BODY = YES;
				CLANG_WARN_ENUM_CONVERSION = YES;
				CLANG_WARN_INT_CONVERSION = YES;
				CLANG_WARN_OBJC_ROOT_CLASS = YES_ERROR;
				CLANG_WARN_UNREACHABLE_CODE = YES;
				CLANG_WARN__DUPLICATE_METHOD_MATCH = YES;
				"CODE_SIGN_IDENTITY[sdk=iphoneos*]" = "iPhone Developer";
				COPY_PHASE_STRIP = NO;
				DEBUG_INFORMATION_FORMAT = "dwarf-with-dsym";
				ENABLE_NS_ASSERTIONS = NO;
				ENABLE_STRICT_OBJC_MSGSEND = YES;
				GCC_C_LANGUAGE_STANDARD = gnu99;
				GCC_NO_COMMON_BLOCKS = YES;
				GCC_WARN_64_TO_32_BIT_CONVERSION = YES;
				GCC_WARN_ABOUT_RETURN_TYPE = YES_ERROR;
				GCC_WARN_UNDECLARED_SELECTOR = YES;
				GCC_WARN_UNINITIALIZED_AUTOS = YES_AGGRESSIVE;
				GCC_WARN_UNUSED_FUNCTION = YES;
				GCC_WARN_UNUSED_VARIABLE = YES;
				IPHONEOS_DEPLOYMENT_TARGET = 7.0;
				MTL_ENABLE_DEBUG_INFO = NO;
				SDKROOT = iphoneos;
				VALIDATE_PRODUCT = YES;
			};
			name = Release;
		};
		3914CC4E1C4C92DF00CA4B4A /* Debug */ = {
			isa = XCBuildConfiguration;
			baseConfigurationReference = 522F8679C430AA7CB04456DC /* Pods-BaseProduct.debug.xcconfig */;
			buildSettings = {
				ASSETCATALOG_COMPILER_APPICON_NAME = AppIcon;
				GCC_PRECOMPILE_PREFIX_HEADER = YES;
				GCC_PREFIX_HEADER = BaseProduct/PrefixHeader.pch;
				HEADER_SEARCH_PATHS = "";
				INFOPLIST_FILE = BaseProduct/Info.plist;
				IPHONEOS_DEPLOYMENT_TARGET = 7.0;
				LD_RUNPATH_SEARCH_PATHS = "$(inherited) @executable_path/Frameworks";
				OTHER_LDFLAGS = (
					"$(inherited)",
					"-ObjC",
				);
				PRODUCT_BUNDLE_IDENTIFIER = com.yingjian.BaseProduct;
				PRODUCT_NAME = "$(TARGET_NAME)";
				USER_HEADER_SEARCH_PATHS = "${SRCROOT}/**";
			};
			name = Debug;
		};
		3914CC4F1C4C92DF00CA4B4A /* Release */ = {
			isa = XCBuildConfiguration;
			baseConfigurationReference = 5ABD3A01D9B20A4282995257 /* Pods-BaseProduct.release.xcconfig */;
			buildSettings = {
				ASSETCATALOG_COMPILER_APPICON_NAME = AppIcon;
				GCC_PRECOMPILE_PREFIX_HEADER = YES;
				GCC_PREFIX_HEADER = BaseProduct/PrefixHeader.pch;
				HEADER_SEARCH_PATHS = "";
				INFOPLIST_FILE = BaseProduct/Info.plist;
				IPHONEOS_DEPLOYMENT_TARGET = 7.0;
				LD_RUNPATH_SEARCH_PATHS = "$(inherited) @executable_path/Frameworks";
				OTHER_LDFLAGS = (
					"$(inherited)",
					"-ObjC",
				);
				PRODUCT_BUNDLE_IDENTIFIER = com.yingjian.BaseProduct;
				PRODUCT_NAME = "$(TARGET_NAME)";
				USER_HEADER_SEARCH_PATHS = "${SRCROOT}/**";
			};
			name = Release;
		};
		3914CC511C4C92DF00CA4B4A /* Debug */ = {
			isa = XCBuildConfiguration;
			buildSettings = {
				BUNDLE_LOADER = "$(TEST_HOST)";
				INFOPLIST_FILE = BaseProductTests/Info.plist;
				LD_RUNPATH_SEARCH_PATHS = "$(inherited) @executable_path/Frameworks @loader_path/Frameworks";
				PRODUCT_BUNDLE_IDENTIFIER = com.yingjian.BaseProductTests;
				PRODUCT_NAME = "$(TARGET_NAME)";
				TEST_HOST = "$(BUILT_PRODUCTS_DIR)/BaseProduct.app/BaseProduct";
			};
			name = Debug;
		};
		3914CC521C4C92DF00CA4B4A /* Release */ = {
			isa = XCBuildConfiguration;
			buildSettings = {
				BUNDLE_LOADER = "$(TEST_HOST)";
				INFOPLIST_FILE = BaseProductTests/Info.plist;
				LD_RUNPATH_SEARCH_PATHS = "$(inherited) @executable_path/Frameworks @loader_path/Frameworks";
				PRODUCT_BUNDLE_IDENTIFIER = com.yingjian.BaseProductTests;
				PRODUCT_NAME = "$(TARGET_NAME)";
				TEST_HOST = "$(BUILT_PRODUCTS_DIR)/BaseProduct.app/BaseProduct";
			};
			name = Release;
		};
		3914CC541C4C92DF00CA4B4A /* Debug */ = {
			isa = XCBuildConfiguration;
			buildSettings = {
				INFOPLIST_FILE = BaseProductUITests/Info.plist;
				LD_RUNPATH_SEARCH_PATHS = "$(inherited) @executable_path/Frameworks @loader_path/Frameworks";
				PRODUCT_BUNDLE_IDENTIFIER = com.yingjian.BaseProductUITests;
				PRODUCT_NAME = "$(TARGET_NAME)";
				TEST_TARGET_NAME = BaseProduct;
				USES_XCTRUNNER = YES;
			};
			name = Debug;
		};
		3914CC551C4C92DF00CA4B4A /* Release */ = {
			isa = XCBuildConfiguration;
			buildSettings = {
				INFOPLIST_FILE = BaseProductUITests/Info.plist;
				LD_RUNPATH_SEARCH_PATHS = "$(inherited) @executable_path/Frameworks @loader_path/Frameworks";
				PRODUCT_BUNDLE_IDENTIFIER = com.yingjian.BaseProductUITests;
				PRODUCT_NAME = "$(TARGET_NAME)";
				TEST_TARGET_NAME = BaseProduct;
				USES_XCTRUNNER = YES;
			};
			name = Release;
		};
/* End XCBuildConfiguration section */

/* Begin XCConfigurationList section */
		3914CC1B1C4C92DF00CA4B4A /* Build configuration list for PBXProject "BaseProduct" */ = {
			isa = XCConfigurationList;
			buildConfigurations = (
				3914CC4B1C4C92DF00CA4B4A /* Debug */,
				3914CC4C1C4C92DF00CA4B4A /* Release */,
			);
			defaultConfigurationIsVisible = 0;
			defaultConfigurationName = Release;
		};
		3914CC4D1C4C92DF00CA4B4A /* Build configuration list for PBXNativeTarget "BaseProduct" */ = {
			isa = XCConfigurationList;
			buildConfigurations = (
				3914CC4E1C4C92DF00CA4B4A /* Debug */,
				3914CC4F1C4C92DF00CA4B4A /* Release */,
			);
			defaultConfigurationIsVisible = 0;
			defaultConfigurationName = Release;
		};
		3914CC501C4C92DF00CA4B4A /* Build configuration list for PBXNativeTarget "BaseProductTests" */ = {
			isa = XCConfigurationList;
			buildConfigurations = (
				3914CC511C4C92DF00CA4B4A /* Debug */,
				3914CC521C4C92DF00CA4B4A /* Release */,
			);
			defaultConfigurationIsVisible = 0;
			defaultConfigurationName = Release;
		};
		3914CC531C4C92DF00CA4B4A /* Build configuration list for PBXNativeTarget "BaseProductUITests" */ = {
			isa = XCConfigurationList;
			buildConfigurations = (
				3914CC541C4C92DF00CA4B4A /* Debug */,
				3914CC551C4C92DF00CA4B4A /* Release */,
			);
			defaultConfigurationIsVisible = 0;
			defaultConfigurationName = Release;
		};
/* End XCConfigurationList section */
	};
	rootObject = 3914CC181C4C92DF00CA4B4A /* Project object */;
}
